
Microsoft Visual Studio Solution File, Format Version 12.00
# Visual Studio 2013
VisualStudioVersion = 12.0.30501.0
MinimumVisualStudioVersion = 10.0.40219.1
Project("{FAE04EC0-301F-11D3-BF4B-00C04F79EFBC}") = "Secure Password Repository", "Secure Password Repository\Secure Password Repository.csproj", "{450E12AD-D4FB-408A-A4EB-836F9A5164E7}"
EndProject
Project("{FAE04EC0-301F-11D3-BF4B-00C04F79EFBC}") = "ExtensionTests", "ExtensionTests\ExtensionTests.csproj", "{0592D302-C1D6-4186-89C7-4633B76FBEB5}"
EndProject
Project("{FAE04EC0-301F-11D3-BF4B-00C04F79EFBC}") = "ControllerTests", "ControllerTests\ControllerTests.csproj", "{5F4D834D-2D0F-4227-A942-22D14155C5D0}"
EndProject
Global
	GlobalSection(SolutionConfigurationPlatforms) = preSolution
		Debug|Any CPU = Debug|Any CPU
		Release|Any CPU = Release|Any CPU
	EndGlobalSection
	GlobalSection(ProjectConfigurationPlatforms) = postSolution
		{450E12AD-D4FB-408A-A4EB-836F9A5164E7}.Debug|Any CPU.ActiveCfg = Debug|Any CPU
		{450E12AD-D4FB-408A-A4EB-836F9A5164E7}.Debug|Any CPU.Build.0 = Debug|Any CPU
		{450E12AD-D4FB-408A-A4EB-836F9A5164E7}.Release|Any CPU.ActiveCfg = Release|Any CPU
		{450E12AD-D4FB-408A-A4EB-836F9A5164E7}.Release|Any CPU.Build.0 = Release|Any CPU
		{0592D302-C1D6-4186-89C7-4633B76FBEB5}.Debug|Any CPU.ActiveCfg = Debug|Any CPU
		{0592D302-C1D6-4186-89C7-4633B76FBEB5}.Debug|Any CPU.Build.0 = Debug|Any CPU
		{0592D302-C1D6-4186-89C7-4633B76FBEB5}.Release|Any CPU.ActiveCfg = Release|Any CPU
		{0592D302-C1D6-4186-89C7-4633B76FBEB5}.Release|Any CPU.Build.0 = Release|Any CPU
		{5F4D834D-2D0F-4227-A942-22D14155C5D0}.Debug|Any CPU.ActiveCfg = Debug|Any CPU
		{5F4D834D-2D0F-4227-A942-22D14155C5D0}.Debug|Any CPU.Build.0 = Debug|Any CPU
		{5F4D834D-2D0F-4227-A942-22D14155C5D0}.Release|Any CPU.ActiveCfg = Release|Any CPU
		{5F4D834D-2D0F-4227-A942-22D14155C5D0}.Release|Any CPU.Build.0 = Release|Any CPU
	EndGlobalSection
	GlobalSection(SolutionProperties) = preSolution
		HideSolutionNode = FALSE
	EndGlobalSection
EndGlobal
